// !$*UTF8*$!
{
	archiveVersion = 1;
	classes = {
	};
	objectVersion = 46;
	objects = {

/* Begin PBXBuildFile section */
		EABDAD421D2B4629009B864D /* AppDelegate.swift in Sources */ = {isa = PBXBuildFile; fileRef = EABDAD411D2B4629009B864D /* AppDelegate.swift */; };
		EABDAD441D2B4629009B864D /* ViewController.swift in Sources */ = {isa = PBXBuildFile; fileRef = EABDAD431D2B4629009B864D /* ViewController.swift */; };
		EABDAD471D2B4629009B864D /* Main.storyboard in Resources */ = {isa = PBXBuildFile; fileRef = EABDAD451D2B4629009B864D /* Main.storyboard */; };
		EABDAD491D2B4629009B864D /* Images.xcassets in Resources */ = {isa = PBXBuildFile; fileRef = EABDAD481D2B4629009B864D /* Images.xcassets */; };
		EABDAD4C1D2B4629009B864D /* LaunchScreen.xib in Resources */ = {isa = PBXBuildFile; fileRef = EABDAD4A1D2B4629009B864D /* LaunchScreen.xib */; };
		EABDAD581D2B4629009B864D /* Lesson2Tests.swift in Sources */ = {isa = PBXBuildFile; fileRef = EABDAD571D2B4629009B864D /* Lesson2Tests.swift */; };
/* End PBXBuildFile section */

/* Begin PBXContainerItemProxy section */
		EABDAD521D2B4629009B864D /* PBXContainerItemProxy */ = {
			isa = PBXContainerItemProxy;
			containerPortal = EABDAD341D2B4629009B864D /* Project object */;
			proxyType = 1;
			remoteGlobalIDString = EABDAD3B1D2B4629009B864D;
			remoteInfo = Lesson2;
		};
/* End PBXContainerItemProxy section */

/* Begin PBXFileReference section */
		EABDAD3C1D2B4629009B864D /* Lesson2.app */ = {isa = PBXFileReference; explicitFileType = wrapper.application; includeInIndex = 0; path = Lesson2.app; sourceTree = BUILT_PRODUCTS_DIR; };
		EABDAD401D2B4629009B864D /* Info.plist */ = {isa = PBXFileReference; lastKnownFileType = text.plist.xml; path = Info.plist; sourceTree = "<group>"; };
		EABDAD411D2B4629009B864D /* AppDelegate.swift */ = {isa = PBXFileReference; lastKnownFileType = sourcecode.swift; path = AppDelegate.swift; sourceTree = "<group>"; };
		EABDAD431D2B4629009B864D /* ViewController.swift */ = {isa = PBXFileReference; lastKnownFileType = sourcecode.swift; path = ViewController.swift; sourceTree = "<group>"; };
		EABDAD461D2B4629009B864D /* Base */ = {isa = PBXFileReference; lastKnownFileType = file.storyboard; name = Base; path = Base.lproj/Main.storyboard; sourceTree = "<group>"; };
		EABDAD481D2B4629009B864D /* Images.xcassets */ = {isa = PBXFileReference; lastKnownFileType = folder.assetcatalog; path = Images.xcassets; sourceTree = "<group>"; };
		EABDAD4B1D2B4629009B864D /* Base */ = {isa = PBXFileReference; lastKnownFileType = file.xib; name = Base; path = Base.lproj/LaunchScreen.xib; sourceTree = "<group>"; };
		EABDAD511D2B4629009B864D /* Lesson2Tests.xctest */ = {isa = PBXFileReference; explicitFileType = wrapper.cfbundle; includeInIndex = 0; path = Lesson2Tests.xctest; sourceTree = BUILT_PRODUCTS_DIR; };
		EABDAD561D2B4629009B864D /* Info.plist */ = {isa = PBXFileReference; lastKnownFileType = text.plist.xml; path = Info.plist; sourceTree = "<group>"; };
		EABDAD571D2B4629009B864D /* Lesson2Tests.swift */ = {isa = PBXFileReference; lastKnownFileType = sourcecode.swift; path = Lesson2Tests.swift; sourceTree = "<group>"; };
/* End PBXFileReference section */

/* Begin PBXFrameworksBuildPhase section */
		EABDAD391D2B4629009B864D /* Frameworks */ = {
			isa = PBXFrameworksBuildPhase;
			buildActionMask = 2147483647;
			files = (
			);
			runOnlyForDeploymentPostprocessing = 0;
		};
		EABDAD4E1D2B4629009B864D /* Frameworks */ = {
			isa = PBXFrameworksBuildPhase;
			buildActionMask = 2147483647;
			files = (
			);
			runOnlyForDeploymentPostprocessing = 0;
		};
/* End PBXFrameworksBuildPhase section */

/* Begin PBXGroup section */
		EABDAD331D2B4629009B864D = {
			isa = PBXGroup;
			children = (
				EABDAD3E1D2B4629009B864D /* Lesson2 */,
				EABDAD541D2B4629009B864D /* Lesson2Tests */,
				EABDAD3D1D2B4629009B864D /* Products */,
			);
			sourceTree = "<group>";
		};
		EABDAD3D1D2B4629009B864D /* Products */ = {
			isa = PBXGroup;
			children = (
				EABDAD3C1D2B4629009B864D /* Lesson2.app */,
				EABDAD511D2B4629009B864D /* Lesson2Tests.xctest */,
			);
			name = Products;
			sourceTree = "<group>";
		};
		EABDAD3E1D2B4629009B864D /* Lesson2 */ = {
			isa = PBXGroup;
			children = (
				EABDAD411D2B4629009B864D /* AppDelegate.swift */,
				EABDAD431D2B4629009B864D /* ViewController.swift */,
				EABDAD451D2B4629009B864D /* Main.storyboard */,
				EABDAD481D2B4629009B864D /* Images.xcassets */,
				EABDAD4A1D2B4629009B864D /* LaunchScreen.xib */,
				EABDAD3F1D2B4629009B864D /* Supporting Files */,
			);
			path = Lesson2;
			sourceTree = "<group>";
		};
		EABDAD3F1D2B4629009B864D /* Supporting Files */ = {
			isa = PBXGroup;
			children = (
				EABDAD401D2B4629009B864D /* Info.plist */,
			);
			name = "Supporting Files";
			sourceTree = "<group>";
		};
		EABDAD541D2B4629009B864D /* Lesson2Tests */ = {
			isa = PBXGroup;
			children = (
				EABDAD571D2B4629009B864D /* Lesson2Tests.swift */,
				EABDAD551D2B4629009B864D /* Supporting Files */,
			);
			path = Lesson2Tests;
			sourceTree = "<group>";
		};
		EABDAD551D2B4629009B864D /* Supporting Files */ = {
			isa = PBXGroup;
			children = (
				EABDAD561D2B4629009B864D /* Info.plist */,
			);
			name = "Supporting Files";
			sourceTree = "<group>";
		};
/* End PBXGroup section */

/* Begin PBXNativeTarget section */
		EABDAD3B1D2B4629009B864D /* Lesson2 */ = {
			isa = PBXNativeTarget;
			buildConfigurationList = EABDAD5B1D2B4629009B864D /* Build configuration list for PBXNativeTarget "Lesson2" */;
			buildPhases = (
				EABDAD381D2B4629009B864D /* Sources */,
				EABDAD391D2B4629009B864D /* Frameworks */,
				EABDAD3A1D2B4629009B864D /* Resources */,
			);
			buildRules = (
			);
			dependencies = (
			);
			name = Lesson2;
			productName = Lesson2;
			productReference = EABDAD3C1D2B4629009B864D /* Lesson2.app */;
			productType = "com.apple.product-type.application";
		};
		EABDAD501D2B4629009B864D /* Lesson2Tests */ = {
			isa = PBXNativeTarget;
			buildConfigurationList = EABDAD5E1D2B4629009B864D /* Build configuration list for PBXNativeTarget "Lesson2Tests" */;
			buildPhases = (
				EABDAD4D1D2B4629009B864D /* Sources */,
				EABDAD4E1D2B4629009B864D /* Frameworks */,
				EABDAD4F1D2B4629009B864D /* Resources */,
			);
			buildRules = (
			);
			dependencies = (
				EABDAD531D2B4629009B864D /* PBXTargetDependency */,
			);
			name = Lesson2Tests;
			productName = Lesson2Tests;
			productReference = EABDAD511D2B4629009B864D /* Lesson2Tests.xctest */;
			productType = "com.apple.product-type.bundle.unit-test";
		};
/* End PBXNativeTarget section */

/* Begin PBXProject section */
		EABDAD341D2B4629009B864D /* Project object */ = {
			isa = PBXProject;
			attributes = {
				LastUpgradeCheck = 0640;
				ORGANIZATIONNAME = mao.matsuoka;
				TargetAttributes = {
					EABDAD3B1D2B4629009B864D = {
						CreatedOnToolsVersion = 6.4;
					};
					EABDAD501D2B4629009B864D = {
						CreatedOnToolsVersion = 6.4;
						TestTargetID = EABDAD3B1D2B4629009B864D;
					};
				};
			};
			buildConfigurationList = EABDAD371D2B4629009B864D /* Build configuration list for PBXProject "Lesson2" */;
			compatibilityVersion = "Xcode 3.2";
			developmentRegion = English;
			hasScannedForEncodings = 0;
			knownRegions = (
				en,
				Base,
			);
			mainGroup = EABDAD331D2B4629009B864D;
			productRefGroup = EABDAD3D1D2B4629009B864D /* Products */;
			projectDirPath = "";
			projectRoot = "";
			targets = (
				EABDAD3B1D2B4629009B864D /* Lesson2 */,
				EABDAD501D2B4629009B864D /* Lesson2Tests */,
			);
		};
/* End PBXProject section */

/* Begin PBXResourcesBuildPhase section */
		EABDAD3A1D2B4629009B864D /* Resources */ = {
			isa = PBXResourcesBuildPhase;
			buildActionMask = 2147483647;
			files = (
				EABDAD471D2B4629009B864D /* Main.storyboard in Resources */,
				EABDAD4C1D2B4629009B864D /* LaunchScreen.xib in Resources */,
				EABDAD491D2B4629009B864D /* Images.xcassets in Resources */,
			);
			runOnlyForDeploymentPostprocessing = 0;
		};
		EABDAD4F1D2B4629009B864D /* Resources */ = {
			isa = PBXResourcesBuildPhase;
			buildActionMask = 2147483647;
			files = (
			);
			runOnlyForDeploymentPostprocessing = 0;
		};
/* End PBXResourcesBuildPhase section */

/* Begin PBXSourcesBuildPhase section */
		EABDAD381D2B4629009B864D /* Sources */ = {
			isa = PBXSourcesBuildPhase;
			buildActionMask = 2147483647;
			files = (
				EABDAD441D2B4629009B864D /* ViewController.swift in Sources */,
				EABDAD421D2B4629009B864D /* AppDelegate.swift in Sources */,
			);
			runOnlyForDeploymentPostprocessing = 0;
		};
		EABDAD4D1D2B4629009B864D /* Sources */ = {
			isa = PBXSourcesBuildPhase;
			buildActionMask = 2147483647;
			files = (
				EABDAD581D2B4629009B864D /* Lesson2Tests.swift in Sources */,
			);
			runOnlyForDeploymentPostprocessing = 0;
		};
/* End PBXSourcesBuildPhase section */

/* Begin PBXTargetDependency section */
		EABDAD531D2B4629009B864D /* PBXTargetDependency */ = {
			isa = PBXTargetDependency;
			target = EABDAD3B1D2B4629009B864D /* Lesson2 */;
			targetProxy = EABDAD521D2B4629009B864D /* PBXContainerItemProxy */;
		};
/* End PBXTargetDependency section */

/* Begin PBXVariantGroup section */
		EABDAD451D2B4629009B864D /* Main.storyboard */ = {
			isa = PBXVariantGroup;
			children = (
				EABDAD461D2B4629009B864D /* Base */,
			);
			name = Main.storyboard;
			sourceTree = "<group>";
		};
		EABDAD4A1D2B4629009B864D /* LaunchScreen.xib */ = {
			isa = PBXVariantGroup;
			children = (
				EABDAD4B1D2B4629009B864D /* Base */,
			);
			name = LaunchScreen.xib;
			sourceTree = "<group>";
		};
/* End PBXVariantGroup section */

/* Begin XCBuildConfiguration section */
		EABDAD591D2B4629009B864D /* Debug */ = {
			isa = XCBuildConfiguration;
			buildSettings = {
				ALWAYS_SEARCH_USER_PATHS = NO;
				CLANG_CXX_LANGUAGE_STANDARD = "gnu++0x";
				CLANG_CXX_LIBRARY = "libc++";
				CLANG_ENABLE_MODULES = YES;
				CLANG_ENABLE_OBJC_ARC = YES;
				CLANG_WARN_BOOL_CONVERSION = YES;
				CLANG_WARN_CONSTANT_CONVERSION = YES;
				CLANG_WARN_DIRECT_OBJC_ISA_USAGE = YES_ERROR;
				CLANG_WARN_EMPTY_BODY = YES;
				CLANG_WARN_ENUM_CONVERSION = YES;
				CLANG_WARN_INT_CONVERSION = YES;
				CLANG_WARN_OBJC_ROOT_CLASS = YES_ERROR;
				CLANG_WARN_UNREACHABLE_CODE = YES;
				CLANG_WARN__DUPLICATE_METHOD_MATCH = YES;
				"CODE_SIGN_IDENTITY[sdk=iphoneos*]" = "iPhone Developer";
				COPY_PHASE_STRIP = NO;
				DEBUG_INFORMATION_FORMAT = "dwarf-with-dsym";
				ENABLE_STRICT_OBJC_MSGSEND = YES;
				GCC_C_LANGUAGE_STANDARD = gnu99;
				GCC_DYNAMIC_NO_PIC = NO;
				GCC_NO_COMMON_BLOCKS = YES;
				GCC_OPTIMIZATION_LEVEL = 0;
				GCC_PREPROCESSOR_DEFINITIONS = (
					"DEBUG=1",
					"$(inherited)",
				);
				GCC_SYMBOLS_PRIVATE_EXTERN = NO;
				GCC_WARN_64_TO_32_BIT_CONVERSION = YES;
				GCC_WARN_ABOUT_RETURN_TYPE = YES_ERROR;
				GCC_WARN_UNDECLARED_SELECTOR = YES;
				GCC_WARN_UNINITIALIZED_AUTOS = YES_AGGRESSIVE;
				GCC_WARN_UNUSED_FUNCTION = YES;
				GCC_WARN_UNUSED_VARIABLE = YES;
				IPHONEOS_DEPLOYMENT_TARGET = 8.4;
				MTL_ENABLE_DEBUG_INFO = YES;
				ONLY_ACTIVE_ARCH = YES;
				SDKROOT = iphoneos;
				SWIFT_OPTIMIZATION_LEVEL = "-Onone";
			};
			name = Debug;
		};
		EABDAD5A1D2B4629009B864D /* Release */ = {
			isa = XCBuildConfiguration;
			buildSettings = {
				ALWAYS_SEARCH_USER_PATHS = NO;
				CLANG_CXX_LANGUAGE_STANDARD = "gnu++0x";
				CLANG_CXX_LIBRARY = "libc++";
				CLANG_ENABLE_MODULES = YES;
				CLANG_ENABLE_OBJC_ARC = YES;
				CLANG_WARN_BOOL_CONVERSION = YES;
				CLANG_WARN_CONSTANT_CONVERSION = YES;
				CLANG_WARN_DIRECT_OBJC_ISA_USAGE = YES_ERROR;
				CLANG_WARN_EMPTY_BODY = YES;
				CLANG_WARN_ENUM_CONVERSION = YES;
				CLANG_WARN_INT_CONVERSION = YES;
				CLANG_WARN_OBJC_ROOT_CLASS = YES_ERROR;
				CLANG_WARN_UNREACHABLE_CODE = YES;
				CLANG_WARN__DUPLICATE_METHOD_MATCH = YES;
				"CODE_SIGN_IDENTITY[sdk=iphoneos*]" = "iPhone Developer";
				COPY_PHASE_STRIP = NO;
				DEBUG_INFORMATION_FORMAT = "dwarf-with-dsym";
				ENABLE_NS_ASSERTIONS = NO;
				ENABLE_STRICT_OBJC_MSGSEND = YES;
				GCC_C_LANGUAGE_STANDARD = gnu99;
				GCC_NO_COMMON_BLOCKS = YES;
				GCC_WARN_64_TO_32_BIT_CONVERSION = YES;
				GCC_WARN_ABOUT_RETURN_TYPE = YES_ERROR;
				GCC_WARN_UNDECLARED_SELECTOR = YES;
				GCC_WARN_UNINITIALIZED_AUTOS = YES_AGGRESSIVE;
				GCC_WARN_UNUSED_FUNCTION = YES;
				GCC_WARN_UNUSED_VARIABLE = YES;
				IPHONEOS_DEPLOYMENT_TARGET = 8.4;
				MTL_ENABLE_DEBUG_INFO = NO;
				SDKROOT = iphoneos;
				VALIDATE_PRODUCT = YES;
			};
			name = Release;
		};
		EABDAD5C1D2B4629009B864D /* Debug */ = {
			isa = XCBuildConfiguration;
			buildSettings = {
				ASSETCATALOG_COMPILER_APPICON_NAME = AppIcon;
				INFOPLIST_FILE = Lesson2/Info.plist;
				LD_RUNPATH_SEARCH_PATHS = "$(inherited) @executable_path/Frameworks";
				PRODUCT_NAME = "$(TARGET_NAME)";
			};
			name = Debug;
		};
		EABDAD5D1D2B4629009B864D /* Release */ = {
			isa = XCBuildConfiguration;
			buildSettings = {
				ASSETCATALOG_COMPILER_APPICON_NAME = AppIcon;
				INFOPLIST_FILE = Lesson2/Info.plist;
				LD_RUNPATH_SEARCH_PATHS = "$(inherited) @executable_path/Frameworks";
				PRODUCT_NAME = "$(TARGET_NAME)";
			};
			name = Release;
		};
		EABDAD5F1D2B4629009B864D /* Debug */ = {
			isa = XCBuildConfiguration;
			buildSettings = {
				BUNDLE_LOADER = "$(TEST_HOST)";
				FRAMEWORK_SEARCH_PATHS = (
					"$(SDKROOT)/Developer/Library/Frameworks",
					"$(inherited)",
				);
				GCC_PREPROCESSOR_DEFINITIONS = (
					"DEBUG=1",
					"$(inherited)",
				);
				INFOPLIST_FILE = Lesson2Tests/Info.plist;
				LD_RUNPATH_SEARCH_PATHS = "$(inherited) @executable_path/Frameworks @loader_path/Frameworks";
				PRODUCT_NAME = "$(TARGET_NAME)";
				TEST_HOST = "$(BUILT_PRODUCTS_DIR)/Lesson2.app/Lesson2";
			};
			name = Debug;
		};
		EABDAD601D2B4629009B864D /* Release */ = {
			isa = XCBuildConfiguration;
			buildSettings = {
				BUNDLE_LOADER = "$(TEST_HOST)";
				FRAMEWORK_SEARCH_PATHS = (
					"$(SDKROOT)/Developer/Library/Frameworks",
					"$(inherited)",
				);
				INFOPLIST_FILE = Lesson2Tests/Info.plist;
				LD_RUNPATH_SEARCH_PATHS = "$(inherited) @executable_path/Frameworks @loader_path/Frameworks";
				PRODUCT_NAME = "$(TARGET_NAME)";
				TEST_HOST = "$(BUILT_PRODUCTS_DIR)/Lesson2.app/Lesson2";
			};
			name = Release;
		};
/* End XCBuildConfiguration section */

/* Begin XCConfigurationList section */
		EABDAD371D2B4629009B864D /* Build configuration list for PBXProject "Lesson2" */ = {
			isa = XCConfigurationList;
			buildConfigurations = (
				EABDAD591D2B4629009B864D /* Debug */,
				EABDAD5A1D2B4629009B864D /* Release */,
			);
			defaultConfigurationIsVisible = 0;
			defaultConfigurationName = Release;
		};
		EABDAD5B1D2B4629009B864D /* Build configuration list for PBXNativeTarget "Lesson2" */ = {
			isa = XCConfigurationList;
			buildConfigurations = (
				EABDAD5C1D2B4629009B864D /* Debug */,
				EABDAD5D1D2B4629009B864D /* Release */,
			);
			defaultConfigurationIsVisible = 0;
		};
		EABDAD5E1D2B4629009B864D /* Build configuration list for PBXNativeTarget "Lesson2Tests" */ = {
			isa = XCConfigurationList;
			buildConfigurations = (
				EABDAD5F1D2B4629009B864D /* Debug */,
				EABDAD601D2B4629009B864D /* Release */,
			);
			defaultConfigurationIsVisible = 0;
		};
/* End XCConfigurationList section */
	};
	rootObject = EABDAD341D2B4629009B864D /* Project object */;
}
